// !$*UTF8*$!
{
	archiveVersion = 1;
	classes = {
	};
	objectVersion = 56;
	objects = {

/* Begin PBXBuildFile section */
		36A00001 /* AudioToolApp.swift in Sources */ = {isa = PBXBuildFile; fileRef = 36A00011; };
		36A00002 /* ContentView.swift in Sources */ = {isa = PBXBuildFile; fileRef = 36A00012; };
		36A00003 /* Assets.xcassets in Resources */ = {isa = PBXBuildFile; fileRef = 36A00013; };
		36A00004 /* Preview Assets.xcassets in Resources */ = {isa = PBXBuildFile; fileRef = 36A00014; };
		36A00005 /* AudioRecorder.swift in Sources */ = {isa = PBXBuildFile; fileRef = 36A00021; };
		36A00006 /* AudioPlayer.swift in Sources */ = {isa = PBXBuildFile; fileRef = 36A00022; };
		36A00007 /* VideoPlayerView.swift in Sources */ = {isa = PBXBuildFile; fileRef = 36A00023; };
		36A00008 /* AudioWaveformView.swift in Sources */ = {isa = PBXBuildFile; fileRef = 36A00024; };
		36A00009 /* AudioConverter.swift in Sources */ = {isa = PBXBuildFile; fileRef = 36A00025; };
		36A0000A /* HomeView.swift in Sources */ = {isa = PBXBuildFile; fileRef = 36A00031; };
		36A0000B /* AudioTrimView.swift in Sources */ = {isa = PBXBuildFile; fileRef = 36A00032; };
		36A0000C /* AudioMergeView.swift in Sources */ = {isa = PBXBuildFile; fileRef = 36A00033; };
		36A0000D /* AudioEffectView.swift in Sources */ = {isa = PBXBuildFile; fileRef = 36A00034; };
/* End PBXBuildFile section */

/* Begin PBXFileReference section */
		36A00011 /* AudioToolApp.swift */ = {isa = PBXFileReference; lastKnownFileType = sourcecode.swift; path = AudioToolApp.swift; sourceTree = "<group>"; };
		36A00012 /* ContentView.swift */ = {isa = PBXFileReference; lastKnownFileType = sourcecode.swift; path = ContentView.swift; sourceTree = "<group>"; };
		36A00013 /* Assets.xcassets */ = {isa = PBXFileReference; lastKnownFileType = folder.assetcatalog; path = Assets.xcassets; sourceTree = "<group>"; };
		36A00014 /* Preview Assets.xcassets */ = {isa = PBXFileReference; lastKnownFileType = folder.assetcatalog; path = "Preview Assets.xcassets"; sourceTree = "<group>"; };
		36A00015 /* Info.plist */ = {isa = PBXFileReference; lastKnownFileType = text.plist.xml; path = Info.plist; sourceTree = "<group>"; };
		36A00021 /* AudioRecorder.swift */ = {isa = PBXFileReference; lastKnownFileType = sourcecode.swift; path = AudioRecorder.swift; sourceTree = "<group>"; };
		36A00022 /* AudioPlayer.swift */ = {isa = PBXFileReference; lastKnownFileType = sourcecode.swift; path = AudioPlayer.swift; sourceTree = "<group>"; };
		36A00023 /* VideoPlayerView.swift */ = {isa = PBXFileReference; lastKnownFileType = sourcecode.swift; path = VideoPlayerView.swift; sourceTree = "<group>"; };
		36A00024 /* AudioWaveformView.swift */ = {isa = PBXFileReference; lastKnownFileType = sourcecode.swift; path = AudioWaveformView.swift; sourceTree = "<group>"; };
		36A00025 /* AudioConverter.swift */ = {isa = PBXFileReference; lastKnownFileType = sourcecode.swift; path = AudioConverter.swift; sourceTree = "<group>"; };
		36A00031 /* HomeView.swift */ = {isa = PBXFileReference; lastKnownFileType = sourcecode.swift; path = HomeView.swift; sourceTree = "<group>"; };
		36A00032 /* AudioTrimView.swift */ = {isa = PBXFileReference; lastKnownFileType = sourcecode.swift; path = AudioTrimView.swift; sourceTree = "<group>"; };
		36A00033 /* AudioMergeView.swift */ = {isa = PBXFileReference; lastKnownFileType = sourcecode.swift; path = AudioMergeView.swift; sourceTree = "<group>"; };
		36A00034 /* AudioEffectView.swift */ = {isa = PBXFileReference; lastKnownFileType = sourcecode.swift; path = AudioEffectView.swift; sourceTree = "<group>"; };
		36A00040 /* AudioTool.app */ = {isa = PBXFileReference; explicitFileType = wrapper.application; includeInIndex = 0; path = AudioTool.app; sourceTree = BUILT_PRODUCTS_DIR; };
/* End PBXFileReference section */

/* Begin PBXGroup section */
		36A00100 = {
			isa = PBXGroup;
			children = (
				36A00110 /* AudioTool */,
				36A00120 /* Products */,
			);
			sourceTree = "<group>";
		};
		36A00120 /* Products */ = {
			isa = PBXGroup;
			children = (
				36A00040 /* AudioTool.app */,
			);
			name = Products;
			sourceTree = "<group>";
		};
		36A00110 /* AudioTool */ = {
			isa = PBXGroup;
			children = (
				36A00011 /* AudioToolApp.swift */,
				36A00012 /* ContentView.swift */,
				36A00130 /* Services */,
				36A00140 /* Views */,
				36A00013 /* Assets.xcassets */,
				36A00014 /* Preview Assets.xcassets */,
				36A00015 /* Info.plist */,
			);
			path = AudioTool;
			sourceTree = "<group>";
		};
		36A00130 /* Services */ = {
			isa = PBXGroup;
			children = (
				36A00021 /* AudioRecorder.swift */,
				36A00022 /* AudioPlayer.swift */,
				36A00023 /* VideoPlayerView.swift */,
				36A00024 /* AudioWaveformView.swift */,
				36A00025 /* AudioConverter.swift */,
			);
			path = Services;
			sourceTree = "<group>";
		};
		36A00140 /* Views */ = {
			isa = PBXGroup;
			children = (
				36A00031 /* HomeView.swift */,
				36A00032 /* AudioTrimView.swift */,
				36A00033 /* AudioMergeView.swift */,
				36A00034 /* AudioEffectView.swift */,
			);
			path = Views;
			sourceTree = "<group>";
		};
/* End PBXGroup section */

/* Begin PBXNativeTarget section */
		36A00200 /* AudioTool */ = {
			isa = PBXNativeTarget;
			buildConfigurationList = 36A00400 /* Build configuration list for PBXNativeTarget "AudioTool" */;
			buildPhases = (
				36A00310 /* Sources */,
				36A00320 /* Resources */,
			);
			buildRules = (
			);
			dependencies = (
			);
			name = AudioTool;
			productName = AudioTool;
			productReference = 36A00040 /* AudioTool.app */;
			productType = "com.apple.product-type.application";
		};
/* End PBXNativeTarget section */

/* Begin PBXProject section */
		36A00500 /* Project object */ = {
			isa = PBXProject;
			attributes = {
				BuildIndependentTargetsInParallel = 1;
				LastSwiftUpdateCheck = 1640;
				LastUpgradeCheck = 1640;
			};
			buildConfigurationList = 36A00410 /* Build configuration list for PBXProject "AudioTool" */;
			compatibilityVersion = "Xcode 14.0";
			developmentRegion = "zh-Hans";
			hasScannedForEncodings = 0;
			knownRegions = (
				en,
				"zh-Hans",
				Base,
			);
			mainGroup = 36A00100;
			productRefGroup = 36A00120 /* Products */;
			projectDirPath = "";
			projectRoot = "";
			targets = (
				36A00200 /* AudioTool */,
			);
		};
/* End PBXProject section */

/* Begin PBXResourcesBuildPhase section */
		36A00320 /* Resources */ = {
			isa = PBXResourcesBuildPhase;
			buildActionMask = 2147483647;
			files = (
				36A00003 /* Assets.xcassets in Resources */,
				36A00004 /* Preview Assets.xcassets in Resources */,
			);
			runOnlyForDeploymentPostprocessing = 0;
		};
/* End PBXResourcesBuildPhase section */

/* Begin PBXSourcesBuildPhase section */
		36A00310 /* Sources */ = {
			isa = PBXSourcesBuildPhase;
			buildActionMask = 2147483647;
			files = (
				36A00001 /* AudioToolApp.swift in Sources */,
				36A00002 /* ContentView.swift in Sources */,
				36A00005 /* AudioRecorder.swift in Sources */,
				36A00006 /* AudioPlayer.swift in Sources */,
				36A00007 /* VideoPlayerView.swift in Sources */,
				36A00008 /* AudioWaveformView.swift in Sources */,
				36A00009 /* AudioConverter.swift in Sources */,
				36A0000A /* HomeView.swift in Sources */,
				36A0000B /* AudioTrimView.swift in Sources */,
				36A0000C /* AudioMergeView.swift in Sources */,
				36A0000D /* AudioEffectView.swift in Sources */,
			);
			runOnlyForDeploymentPostprocessing = 0;
		};
/* End PBXSourcesBuildPhase section */

/* Begin XCBuildConfiguration section */
		36A00601 /* Debug */ = {
			isa = XCBuildConfiguration;
			buildSettings = {
				ASSETCATALOG_COMPILER_APPICON_NAME = AppIcon;
				CODE_SIGN_STYLE = Automatic;
				CURRENT_PROJECT_VERSION = 1;
				DEVELOPMENT_TEAM = "";
				IPHONEOS_DEPLOYMENT_TARGET = 17.0;
				INFOPLIST_FILE = AudioTool/Info.plist;
				INFOPLIST_KEY_CFBundleDisplayName = AudioTool;
				INFOPLIST_KEY_UIApplicationSceneManifest_Generation = YES;
				INFOPLIST_KEY_UIApplicationSupportsIndirectInputEvents = YES;
				INFOPLIST_KEY_UILaunchScreen_Generation = YES;
				INFOPLIST_KEY_UISupportedInterfaceOrientations_iPad = "UIInterfaceOrientationPortrait UIInterfaceOrientationPortraitUpsideDown UIInterfaceOrientationLandscapeLeft UIInterfaceOrientationLandscapeRight";
				INFOPLIST_KEY_UISupportedInterfaceOrientations_iPhone = "UIInterfaceOrientationPortrait UIInterfaceOrientationLandscapeLeft UIInterfaceOrientationLandscapeRight";
				MARKETING_VERSION = 1.0;
				PRODUCT_BUNDLE_IDENTIFIER = com.audiotool.app;
				PRODUCT_NAME = "$(TARGET_NAME)";
				SWIFT_EMIT_LOC_STRINGS = YES;
				SWIFT_VERSION = 5.0;
				TARGETED_DEVICE_FAMILY = "1,2";
			};
			name = Debug;
		};
		36A00602 /* Release */ = {
			isa = XCBuildConfiguration;
			buildSettings = {
				ASSETCATALOG_COMPILER_APPICON_NAME = AppIcon;
				CODE_SIGN_STYLE = Automatic;
				CURRENT_PROJECT_VERSION = 1;
				DEVELOPMENT_TEAM = "";
				IPHONEOS_DEPLOYMENT_TARGET = 17.0;
				INFOPLIST_FILE = AudioTool/Info.plist;
				INFOPLIST_KEY_CFBundleDisplayName = AudioTool;
				INFOPLIST_KEY_UIApplicationSceneManifest_Generation = YES;
				INFOPLIST_KEY_UIApplicationSupportsIndirectInputEvents = YES;
				INFOPLIST_KEY_UILaunchScreen_Generation = YES;
				INFOPLIST_KEY_UISupportedInterfaceOrientations_iPad = "UIInterfaceOrientationPortrait UIInterfaceOrientationPortraitUpsideDown UIInterfaceOrientationLandscapeLeft UIInterfaceOrientationLandscapeRight";
				INFOPLIST_KEY_UISupportedInterfaceOrientations_iPhone = "UIInterfaceOrientationPortrait UIInterfaceOrientationLandscapeLeft UIInterfaceOrientationLandscapeRight";
				MARKETING_VERSION = 1.0;
				PRODUCT_BUNDLE_IDENTIFIER = com.audiotool.app;
				PRODUCT_NAME = "$(TARGET_NAME)";
				SWIFT_EMIT_LOC_STRINGS = YES;
				SWIFT_VERSION = 5.0;
				TARGETED_DEVICE_FAMILY = "1,2";
			};
			name = Release;
		};
		36A00603 /* Debug */ = {
			isa = XCBuildConfiguration;
			buildSettings = {
				ALWAYS_SEARCH_USER_PATHS = NO;
				ASSETCATALOG_COMPILER_GENERATE_SWIFT_ASSET_SYMBOL_EXTENSIONS = YES;
				CLANG_ANALYZER_NONNULL = YES;
				CLANG_CXX_LANGUAGE_STANDARD = "gnu++20";
				CLANG_ENABLE_MODULES = YES;
				CLANG_ENABLE_OBJC_ARC = YES;
				COPY_PHASE_STRIP = NO;
				DEBUG_INFORMATION_FORMAT = dwarf;
				ENABLE_STRICT_OBJC_MSGSEND = YES;
				ENABLE_TESTABILITY = YES;
				GCC_DYNAMIC_NO_PIC = NO;
				GCC_OPTIMIZATION_LEVEL = 0;
				GCC_PREPROCESSOR_DEFINITIONS = (
					"DEBUG=1",
					"$(inherited)",
				);
				IPHONEOS_DEPLOYMENT_TARGET = 17.0;
				MTL_ENABLE_DEBUG_INFO = INCLUDE_SOURCE;
				ONLY_ACTIVE_ARCH = YES;
				SDKROOT = iphoneos;
				SWIFT_ACTIVE_COMPILATION_CONDITIONS = DEBUG;
				SWIFT_OPTIMIZATION_LEVEL = "-Onone";
			};
			name = Debug;
		};
		36A00604 /* Release */ = {
			isa = XCBuildConfiguration;
			buildSettings = {
				ALWAYS_SEARCH_USER_PATHS = NO;
				ASSETCATALOG_COMPILER_GENERATE_SWIFT_ASSET_SYMBOL_EXTENSIONS = YES;
				CLANG_ANALYZER_NONNULL = YES;
				CLANG_CXX_LANGUAGE_STANDARD = "gnu++20";
				CLANG_ENABLE_MODULES = YES;
				CLANG_ENABLE_OBJC_ARC = YES;
				COPY_PHASE_STRIP = NO;
				DEBUG_INFORMATION_FORMAT = "dwarf-with-dsym";
				ENABLE_NS_ASSERTIONS = NO;
				ENABLE_STRICT_OBJC_MSGSEND = YES;
				GCC_OPTIMIZATION_LEVEL = s;
				IPHONEOS_DEPLOYMENT_TARGET = 17.0;
				MTL_ENABLE_DEBUG_INFO = NO;
				SDKROOT = iphoneos;
				SWIFT_COMPILATION_MODE = wholemodule;
				SWIFT_OPTIMIZATION_LEVEL = "-O";
				VALIDATE_PRODUCT = YES;
			};
			name = Release;
		};
/* End XCBuildConfiguration section */

/* Begin XCConfigurationList section */
		36A00400 /* Build configuration list for PBXNativeTarget "AudioTool" */ = {
			isa = XCConfigurationList;
			buildConfigurations = (
				36A00601 /* Debug */,
				36A00602 /* Release */,
			);
			defaultConfigurationIsVisible = 0;
			defaultConfigurationName = Release;
		};
		36A00410 /* Build configuration list for PBXProject "AudioTool" */ = {
			isa = XCConfigurationList;
			buildConfigurations = (
				36A00603 /* Debug */,
				36A00604 /* Release */,
			);
			defaultConfigurationIsVisible = 0;
			defaultConfigurationName = Release;
		};
/* End XCConfigurationList section */

	};
	rootObject = 36A00500 /* Project object */;
}
